
Microsoft Visual Studio Solution File, Format Version 12.00
# Visual Studio Version 17
VisualStudioVersion = 17.6.33829.357
MinimumVisualStudioVersion = 10.0.40219.1
Project("{9A19103F-16F7-4668-BE54-9A1E7A4F7556}") = "EmployeePostTrace.Api", "EmployeePostTrace.Api\EmployeePostTrace.Api.csproj", "{78DF9AF3-3D3A-4AB7-A9E9-2FE5B088C2E8}"
EndProject
Project("{00D1A9C2-B5F0-4AF3-8072-F6C62B433612}") = "EmployeePostTrace.DB", "EmployeePostTrace.DB\EmployeePostTrace.DB.sqlproj", "{5E1D5B30-5679-4614-968A-F3E125A17988}"
EndProject
Project("{9A19103F-16F7-4668-BE54-9A1E7A4F7556}") = "EmployeePostTrace.DataLayer", "EmployeePostTrace.DataLayer\EmployeePostTrace.DataLayer.csproj", "{FAA3942F-C5F7-44C1-BEEC-DFD6D211979E}"
EndProject
Project("{9A19103F-16F7-4668-BE54-9A1E7A4F7556}") = "EmployeePostTrace.BusinessLayer", "EmployeePostTrace.BusinessLayer\EmployeePostTrace.BusinessLayer.csproj", "{7BBFC4D6-9357-45EA-BADA-076C5611A2DA}"
EndProject
Project("{FAE04EC0-301F-11D3-BF4B-00C04F79EFBC}") = "EmployeePostTrace.BusinessLayer.Tests", "EmployeePostTrace.BusinessLayer.Tests\EmployeePostTrace.BusinessLayer.Tests.csproj", "{A895C913-DE6A-4F4C-AFB5-49CC5D4B08DA}"
EndProject
Global
	GlobalSection(SolutionConfigurationPlatforms) = preSolution
		Debug|Any CPU = Debug|Any CPU
		Release|Any CPU = Release|Any CPU
	EndGlobalSection
	GlobalSection(ProjectConfigurationPlatforms) = postSolution
		{78DF9AF3-3D3A-4AB7-A9E9-2FE5B088C2E8}.Debug|Any CPU.ActiveCfg = Debug|Any CPU
		{78DF9AF3-3D3A-4AB7-A9E9-2FE5B088C2E8}.Debug|Any CPU.Build.0 = Debug|Any CPU
		{78DF9AF3-3D3A-4AB7-A9E9-2FE5B088C2E8}.Release|Any CPU.ActiveCfg = Release|Any CPU
		{78DF9AF3-3D3A-4AB7-A9E9-2FE5B088C2E8}.Release|Any CPU.Build.0 = Release|Any CPU
		{5E1D5B30-5679-4614-968A-F3E125A17988}.Debug|Any CPU.ActiveCfg = Debug|Any CPU
		{5E1D5B30-5679-4614-968A-F3E125A17988}.Debug|Any CPU.Build.0 = Debug|Any CPU
		{5E1D5B30-5679-4614-968A-F3E125A17988}.Debug|Any CPU.Deploy.0 = Debug|Any CPU
		{5E1D5B30-5679-4614-968A-F3E125A17988}.Release|Any CPU.ActiveCfg = Release|Any CPU
		{5E1D5B30-5679-4614-968A-F3E125A17988}.Release|Any CPU.Build.0 = Release|Any CPU
		{5E1D5B30-5679-4614-968A-F3E125A17988}.Release|Any CPU.Deploy.0 = Release|Any CPU
		{FAA3942F-C5F7-44C1-BEEC-DFD6D211979E}.Debug|Any CPU.ActiveCfg = Debug|Any CPU
		{FAA3942F-C5F7-44C1-BEEC-DFD6D211979E}.Debug|Any CPU.Build.0 = Debug|Any CPU
		{FAA3942F-C5F7-44C1-BEEC-DFD6D211979E}.Release|Any CPU.ActiveCfg = Release|Any CPU
		{FAA3942F-C5F7-44C1-BEEC-DFD6D211979E}.Release|Any CPU.Build.0 = Release|Any CPU
		{7BBFC4D6-9357-45EA-BADA-076C5611A2DA}.Debug|Any CPU.ActiveCfg = Debug|Any CPU
		{7BBFC4D6-9357-45EA-BADA-076C5611A2DA}.Debug|Any CPU.Build.0 = Debug|Any CPU
		{7BBFC4D6-9357-45EA-BADA-076C5611A2DA}.Release|Any CPU.ActiveCfg = Release|Any CPU
		{7BBFC4D6-9357-45EA-BADA-076C5611A2DA}.Release|Any CPU.Build.0 = Release|Any CPU
		{A895C913-DE6A-4F4C-AFB5-49CC5D4B08DA}.Debug|Any CPU.ActiveCfg = Debug|Any CPU
		{A895C913-DE6A-4F4C-AFB5-49CC5D4B08DA}.Debug|Any CPU.Build.0 = Debug|Any CPU
		{A895C913-DE6A-4F4C-AFB5-49CC5D4B08DA}.Release|Any CPU.ActiveCfg = Release|Any CPU
		{A895C913-DE6A-4F4C-AFB5-49CC5D4B08DA}.Release|Any CPU.Build.0 = Release|Any CPU
	EndGlobalSection
	GlobalSection(SolutionProperties) = preSolution
		HideSolutionNode = FALSE
	EndGlobalSection
	GlobalSection(ExtensibilityGlobals) = postSolution
		SolutionGuid = {CB79EBDD-1E8F-43EF-AF3D-951B71E8D938}
	EndGlobalSection
EndGlobal
